
Microsoft Visual Studio Solution File, Format Version 12.00
# Visual Studio Version 17
VisualStudioVersion = 17.2.32602.215
MinimumVisualStudioVersion = 10.0.40219.1
Project("{FAE04EC0-301F-11D3-BF4B-00C04F79EFBC}") = "TodebWebApi1", "TodebWebApi1\TodebWebApi1.csproj", "{42DA776D-E7B7-4A2A-9318-03C268A2139D}"
EndProject
Global
	GlobalSection(SolutionConfigurationPlatforms) = preSolution
		Debug|Any CPU = Debug|Any CPU
		Release|Any CPU = Release|Any CPU
	EndGlobalSection
	GlobalSection(ProjectConfigurationPlatforms) = postSolution
		{42DA776D-E7B7-4A2A-9318-03C268A2139D}.Debug|Any CPU.ActiveCfg = Debug|Any CPU
		{42DA776D-E7B7-4A2A-9318-03C268A2139D}.Debug|Any CPU.Build.0 = Debug|Any CPU
		{42DA776D-E7B7-4A2A-9318-03C268A2139D}.Release|Any CPU.ActiveCfg = Release|Any CPU
		{42DA776D-E7B7-4A2A-9318-03C268A2139D}.Release|Any CPU.Build.0 = Release|Any CPU
	EndGlobalSection
	GlobalSection(SolutionProperties) = preSolution
		HideSolutionNode = FALSE
	EndGlobalSection
	GlobalSection(ExtensibilityGlobals) = postSolution
		SolutionGuid = {92C5ACE1-3CEB-447D-9097-EB3520F26062}
	EndGlobalSection
EndGlobal
